
Microsoft Visual Studio Solution File, Format Version 12.00
# Visual Studio Version 17
VisualStudioVersion = 17.13.35828.75
MinimumVisualStudioVersion = 10.0.40219.1
Project("{FAE04EC0-301F-11D3-BF4B-00C04F79EFBC}") = "MyDockerApp.Api", "MyDockerApp.Api\MyDockerApp.Api.csproj", "{2774D422-B8BA-4EA0-9035-C262D10D6110}"
EndProject
Project("{E53339B2-1760-4266-BCC7-CA923CBCF16C}") = "docker-compose", "docker-compose.dcproj", "{81DDED9D-158B-E303-5F62-77A2896D2A5A}"
EndProject
Global
	GlobalSection(SolutionConfigurationPlatforms) = preSolution
		Debug|Any CPU = Debug|Any CPU
		Release|Any CPU = Release|Any CPU
	EndGlobalSection
	GlobalSection(ProjectConfigurationPlatforms) = postSolution
		{2774D422-B8BA-4EA0-9035-C262D10D6110}.Debug|Any CPU.ActiveCfg = Debug|Any CPU
		{2774D422-B8BA-4EA0-9035-C262D10D6110}.Debug|Any CPU.Build.0 = Debug|Any CPU
		{2774D422-B8BA-4EA0-9035-C262D10D6110}.Release|Any CPU.ActiveCfg = Release|Any CPU
		{2774D422-B8BA-4EA0-9035-C262D10D6110}.Release|Any CPU.Build.0 = Release|Any CPU
		{81DDED9D-158B-E303-5F62-77A2896D2A5A}.Debug|Any CPU.ActiveCfg = Debug|Any CPU
		{81DDED9D-158B-E303-5F62-77A2896D2A5A}.Debug|Any CPU.Build.0 = Debug|Any CPU
		{81DDED9D-158B-E303-5F62-77A2896D2A5A}.Release|Any CPU.ActiveCfg = Release|Any CPU
		{81DDED9D-158B-E303-5F62-77A2896D2A5A}.Release|Any CPU.Build.0 = Release|Any CPU
	EndGlobalSection
	GlobalSection(SolutionProperties) = preSolution
		HideSolutionNode = FALSE
	EndGlobalSection
	GlobalSection(ExtensibilityGlobals) = postSolution
		SolutionGuid = {3B25570E-95BA-4739-B292-44BEF6B22B17}
	EndGlobalSection
EndGlobal
